
Microsoft Visual Studio Solution File, Format Version 12.00
# Visual Studio Version 17
VisualStudioVersion = 17.8.34330.188
MinimumVisualStudioVersion = 10.0.40219.1
Project("{FAE04EC0-301F-11D3-BF4B-00C04F79EFBC}") = "GitMVC", "GitMVC\GitMVC.csproj", "{A9264028-BB18-4448-9B1C-CA486727B2FE}"
EndProject
Global
	GlobalSection(SolutionConfigurationPlatforms) = preSolution
		Debug|Any CPU = Debug|Any CPU
		Release|Any CPU = Release|Any CPU
	EndGlobalSection
	GlobalSection(ProjectConfigurationPlatforms) = postSolution
		{A9264028-BB18-4448-9B1C-CA486727B2FE}.Debug|Any CPU.ActiveCfg = Debug|Any CPU
		{A9264028-BB18-4448-9B1C-CA486727B2FE}.Debug|Any CPU.Build.0 = Debug|Any CPU
		{A9264028-BB18-4448-9B1C-CA486727B2FE}.Release|Any CPU.ActiveCfg = Release|Any CPU
		{A9264028-BB18-4448-9B1C-CA486727B2FE}.Release|Any CPU.Build.0 = Release|Any CPU
	EndGlobalSection
	GlobalSection(SolutionProperties) = preSolution
		HideSolutionNode = FALSE
	EndGlobalSection
	GlobalSection(ExtensibilityGlobals) = postSolution
		SolutionGuid = {906706C5-BCBA-42CE-8F2C-21AE964E6FFE}
	EndGlobalSection
EndGlobal
